
Microsoft Visual Studio Solution File, Format Version 12.00
# Visual Studio Version 17
VisualStudioVersion = 17.3.32804.467
MinimumVisualStudioVersion = 10.0.40219.1
Project("{FAE04EC0-301F-11D3-BF4B-00C04F79EFBC}") = "APP", "APP\APP.csproj", "{6112B4AD-5F04-439D-A1B7-39876133763B}"
EndProject
Project("{FAE04EC0-301F-11D3-BF4B-00C04F79EFBC}") = "Datos", "Datos\Datos.csproj", "{37A743C7-5A74-4B3A-B3A9-FFCF22E756E2}"
EndProject
Project("{FAE04EC0-301F-11D3-BF4B-00C04F79EFBC}") = "Negocios", "Negocios\Negocios.csproj", "{7DE71152-B50A-44D9-9AA3-A5C23EBA1194}"
EndProject
Project("{FAE04EC0-301F-11D3-BF4B-00C04F79EFBC}") = "Entidades", "Entidades\Entidades.csproj", "{859C2882-993F-453C-9776-F3CF4F65B9C2}"
EndProject
Global
	GlobalSection(SolutionConfigurationPlatforms) = preSolution
		Debug|Any CPU = Debug|Any CPU
		Release|Any CPU = Release|Any CPU
	EndGlobalSection
	GlobalSection(ProjectConfigurationPlatforms) = postSolution
		{6112B4AD-5F04-439D-A1B7-39876133763B}.Debug|Any CPU.ActiveCfg = Debug|Any CPU
		{6112B4AD-5F04-439D-A1B7-39876133763B}.Debug|Any CPU.Build.0 = Debug|Any CPU
		{6112B4AD-5F04-439D-A1B7-39876133763B}.Release|Any CPU.ActiveCfg = Release|Any CPU
		{6112B4AD-5F04-439D-A1B7-39876133763B}.Release|Any CPU.Build.0 = Release|Any CPU
		{37A743C7-5A74-4B3A-B3A9-FFCF22E756E2}.Debug|Any CPU.ActiveCfg = Debug|Any CPU
		{37A743C7-5A74-4B3A-B3A9-FFCF22E756E2}.Debug|Any CPU.Build.0 = Debug|Any CPU
		{37A743C7-5A74-4B3A-B3A9-FFCF22E756E2}.Release|Any CPU.ActiveCfg = Release|Any CPU
		{37A743C7-5A74-4B3A-B3A9-FFCF22E756E2}.Release|Any CPU.Build.0 = Release|Any CPU
		{7DE71152-B50A-44D9-9AA3-A5C23EBA1194}.Debug|Any CPU.ActiveCfg = Debug|Any CPU
		{7DE71152-B50A-44D9-9AA3-A5C23EBA1194}.Debug|Any CPU.Build.0 = Debug|Any CPU
		{7DE71152-B50A-44D9-9AA3-A5C23EBA1194}.Release|Any CPU.ActiveCfg = Release|Any CPU
		{7DE71152-B50A-44D9-9AA3-A5C23EBA1194}.Release|Any CPU.Build.0 = Release|Any CPU
		{859C2882-993F-453C-9776-F3CF4F65B9C2}.Debug|Any CPU.ActiveCfg = Debug|Any CPU
		{859C2882-993F-453C-9776-F3CF4F65B9C2}.Debug|Any CPU.Build.0 = Debug|Any CPU
		{859C2882-993F-453C-9776-F3CF4F65B9C2}.Release|Any CPU.ActiveCfg = Release|Any CPU
		{859C2882-993F-453C-9776-F3CF4F65B9C2}.Release|Any CPU.Build.0 = Release|Any CPU
	EndGlobalSection
	GlobalSection(SolutionProperties) = preSolution
		HideSolutionNode = FALSE
	EndGlobalSection
	GlobalSection(ExtensibilityGlobals) = postSolution
		SolutionGuid = {8A11A75E-7D61-460B-A085-E113C3285C12}
	EndGlobalSection
EndGlobal
